
Microsoft Visual Studio Solution File, Format Version 12.00
# Visual Studio Version 16
VisualStudioVersion = 16.0.30104.148
MinimumVisualStudioVersion = 10.0.40219.1
Project("{FAE04EC0-301F-11D3-BF4B-00C04F79EFBC}") = "Yellow_Cube", "Yellow_Cube\Yellow_Cube.csproj", "{8D444350-BC5F-4709-B862-6CC70E2398A9}"
EndProject
Project("{FAE04EC0-301F-11D3-BF4B-00C04F79EFBC}") = "DAL", "DAL\DAL.csproj", "{2284AFAF-5382-44CC-85D5-28C1D346AF2B}"
EndProject
Global
	GlobalSection(SolutionConfigurationPlatforms) = preSolution
		Debug|Any CPU = Debug|Any CPU
		Release|Any CPU = Release|Any CPU
	EndGlobalSection
	GlobalSection(ProjectConfigurationPlatforms) = postSolution
		{8D444350-BC5F-4709-B862-6CC70E2398A9}.Debug|Any CPU.ActiveCfg = Debug|Any CPU
		{8D444350-BC5F-4709-B862-6CC70E2398A9}.Debug|Any CPU.Build.0 = Debug|Any CPU
		{8D444350-BC5F-4709-B862-6CC70E2398A9}.Release|Any CPU.ActiveCfg = Release|Any CPU
		{8D444350-BC5F-4709-B862-6CC70E2398A9}.Release|Any CPU.Build.0 = Release|Any CPU
		{2284AFAF-5382-44CC-85D5-28C1D346AF2B}.Debug|Any CPU.ActiveCfg = Debug|Any CPU
		{2284AFAF-5382-44CC-85D5-28C1D346AF2B}.Debug|Any CPU.Build.0 = Debug|Any CPU
		{2284AFAF-5382-44CC-85D5-28C1D346AF2B}.Release|Any CPU.ActiveCfg = Release|Any CPU
		{2284AFAF-5382-44CC-85D5-28C1D346AF2B}.Release|Any CPU.Build.0 = Release|Any CPU
	EndGlobalSection
	GlobalSection(SolutionProperties) = preSolution
		HideSolutionNode = FALSE
	EndGlobalSection
	GlobalSection(ExtensibilityGlobals) = postSolution
		SolutionGuid = {42AB0CF9-B62F-4898-AA32-82532D327544}
	EndGlobalSection
EndGlobal
